
Microsoft Visual Studio Solution File, Format Version 12.00
# Visual Studio Version 17
VisualStudioVersion = 17.14.36623.8 d17.14
MinimumVisualStudioVersion = 10.0.40219.1
Project("{FAE04EC0-301F-11D3-BF4B-00C04F79EFBC}") = "Cshapstudy", "Cshapstudy\Cshapstudy.csproj", "{2C3BCA6E-3B0C-4AEA-A4F2-E7B62CC286CC}"
EndProject
Global
	GlobalSection(SolutionConfigurationPlatforms) = preSolution
		Debug|Any CPU = Debug|Any CPU
		Release|Any CPU = Release|Any CPU
	EndGlobalSection
	GlobalSection(ProjectConfigurationPlatforms) = postSolution
		{2C3BCA6E-3B0C-4AEA-A4F2-E7B62CC286CC}.Debug|Any CPU.ActiveCfg = Debug|Any CPU
		{2C3BCA6E-3B0C-4AEA-A4F2-E7B62CC286CC}.Debug|Any CPU.Build.0 = Debug|Any CPU
		{2C3BCA6E-3B0C-4AEA-A4F2-E7B62CC286CC}.Release|Any CPU.ActiveCfg = Release|Any CPU
		{2C3BCA6E-3B0C-4AEA-A4F2-E7B62CC286CC}.Release|Any CPU.Build.0 = Release|Any CPU
	EndGlobalSection
	GlobalSection(SolutionProperties) = preSolution
		HideSolutionNode = FALSE
	EndGlobalSection
	GlobalSection(ExtensibilityGlobals) = postSolution
		SolutionGuid = {C179157D-2A4B-4496-B846-F8E73019466C}
	EndGlobalSection
EndGlobal
